
Microsoft Visual Studio Solution File, Format Version 12.00
# Visual Studio Version 16
VisualStudioVersion = 25.0.1705.5
MinimumVisualStudioVersion = 10.0.40219.1
Project("{FAE04EC0-301F-11D3-BF4B-00C04F79EFBC}") = "SistemaWebB", "SistemaWebB.csproj", "{4BE29377-0A3E-47B4-9B31-47449418CE74}"
EndProject
Global
	GlobalSection(SolutionConfigurationPlatforms) = preSolution
		Debug|Any CPU = Debug|Any CPU
		Release|Any CPU = Release|Any CPU
	EndGlobalSection
	GlobalSection(ProjectConfigurationPlatforms) = postSolution
		{4BE29377-0A3E-47B4-9B31-47449418CE74}.Debug|Any CPU.ActiveCfg = Debug|Any CPU
		{4BE29377-0A3E-47B4-9B31-47449418CE74}.Debug|Any CPU.Build.0 = Debug|Any CPU
		{4BE29377-0A3E-47B4-9B31-47449418CE74}.Release|Any CPU.ActiveCfg = Release|Any CPU
		{4BE29377-0A3E-47B4-9B31-47449418CE74}.Release|Any CPU.Build.0 = Release|Any CPU
	EndGlobalSection
	GlobalSection(SolutionProperties) = preSolution
		HideSolutionNode = FALSE
	EndGlobalSection
	GlobalSection(ExtensibilityGlobals) = postSolution
		SolutionGuid = {3662D04B-45FD-4AD5-803C-55413150AEA5}
	EndGlobalSection
EndGlobal
